{
  "object": {
    "pins": [
      {
        "package": "flockingbird-swift",
        "repositoryURL": "git@github.com:falcowinkler/flockingbird-swift.git",
        "state": {
          "branch": null,
          "revision": "934b5ee7aec21eab6c7d929bb8e107ea8ab5da85",
          "version": "0.0.3-beta"
        }
      }
    ]
  },
  "version": 1
}
