{
  "object": {
    "pins": [
      {
        "package": "flockingbird-swift",
        "repositoryURL": "git@github.com:falcowinkler/flockingbird-swift.git",
        "state": {
          "branch": "master",
          "revision": "60cff020230d16ed833f8ded5dad09e6883af647",
          "version": null
        }
      }
    ]
  },
  "version": 1
}
